# THIS IS AN AUTOGENERATED FILE. DO NOT EDIT THIS FILE DIRECTLY.
# yarn lockfile v1


fp-ts@^2.8.3:
  version "2.8.3"
  resolved "https://registry.yarnpkg.com/fp-ts/-/fp-ts-2.8.3.tgz#c09652bbf21e64d65a9f93587ad549ab0e03abe7"
  integrity sha512-oGD3BTSzFCPs9alaI/2gh0SCNKyhPXkpeIBvkXNvnoczHfDAUd2HHtotCdLO0hOTTTTx8VKA0mhhR7LUNo+cKg==

typescript@^4.0.3:
  version "4.0.3"
  resolved "https://registry.yarnpkg.com/typescript/-/typescript-4.0.3.tgz#153bbd468ef07725c1df9c77e8b453f8d36abba5"
  integrity sha512-tEu6DGxGgRJPb/mVPIZ48e69xCn2yRmCgYmDugAVwmJ6o+0u1RI18eO7E7WBTLYLaEVVOhwQmcdhQHweux/WPg==
